Microsoft Visual Studio Solution File, Format Version 12.00
# Visual Studio Version 17
VisualStudioVersion = 17.5.2.0
MinimumVisualStudioVersion = 10.0.40219.1
Project("{FAE04EC0-301F-11D3-BF4B-00C04F79EFBC}") = "OrderSystem", "OrderSystem\OrderSystem.csproj", "{4DA929BB-956B-6C26-C4FA-7695AD591791}"
EndProject
Project("{FAE04EC0-301F-11D3-BF4B-00C04F79EFBC}") = "OrderSystem.Tests", "OrderSystem.Tests\OrderSystem.Tests.csproj", "{99F3DA61-E47A-E9FD-2806-62E35C6E614D}"
EndProject
Global
	GlobalSection(SolutionConfigurationPlatforms) = preSolution
		Debug|Any CPU = Debug|Any CPU
		Release|Any CPU = Release|Any CPU
	EndGlobalSection
	GlobalSection(ProjectConfigurationPlatforms) = postSolution
		{4DA929BB-956B-6C26-C4FA-7695AD591791}.Debug|Any CPU.ActiveCfg = Debug|Any CPU
		{4DA929BB-956B-6C26-C4FA-7695AD591791}.Debug|Any CPU.Build.0 = Debug|Any CPU
		{4DA929BB-956B-6C26-C4FA-7695AD591791}.Release|Any CPU.ActiveCfg = Release|Any CPU
		{4DA929BB-956B-6C26-C4FA-7695AD591791}.Release|Any CPU.Build.0 = Release|Any CPU
		{99F3DA61-E47A-E9FD-2806-62E35C6E614D}.Debug|Any CPU.ActiveCfg = Debug|Any CPU
		{99F3DA61-E47A-E9FD-2806-62E35C6E614D}.Debug|Any CPU.Build.0 = Debug|Any CPU
		{99F3DA61-E47A-E9FD-2806-62E35C6E614D}.Release|Any CPU.ActiveCfg = Release|Any CPU
		{99F3DA61-E47A-E9FD-2806-62E35C6E614D}.Release|Any CPU.Build.0 = Release|Any CPU
	EndGlobalSection
	GlobalSection(SolutionProperties) = preSolution
		HideSolutionNode = FALSE
	EndGlobalSection
	GlobalSection(ExtensibilityGlobals) = postSolution
		SolutionGuid = {2D77802F-A48F-4306-AB03-806C9E611767}
	EndGlobalSection
EndGlobal
